
Microsoft Visual Studio Solution File, Format Version 11.00
# Visual Studio 2010
Project("{FAE04EC0-301F-11D3-BF4B-00C04F79EFBC}") = "WindowsFormsApplication3", "WindowsFormsApplication3.csproj", "{7786AE12-B9DF-4815-AF39-6DF4D3329248}"
EndProject
Global
	GlobalSection(SolutionConfigurationPlatforms) = preSolution
		Debug|x86 = Debug|x86
		Release|x86 = Release|x86
	EndGlobalSection
	GlobalSection(ProjectConfigurationPlatforms) = postSolution
		{7786AE12-B9DF-4815-AF39-6DF4D3329248}.Debug|x86.ActiveCfg = Debug|x86
		{7786AE12-B9DF-4815-AF39-6DF4D3329248}.Debug|x86.Build.0 = Debug|x86
		{7786AE12-B9DF-4815-AF39-6DF4D3329248}.Release|x86.ActiveCfg = Release|x86
		{7786AE12-B9DF-4815-AF39-6DF4D3329248}.Release|x86.Build.0 = Release|x86
	EndGlobalSection
	GlobalSection(SolutionProperties) = preSolution
		HideSolutionNode = FALSE
	EndGlobalSection
EndGlobal
